version = 1
revision = 1
requires-python = ">=3.10"

[[package]]
name = "boto3"
version = "1.40.19"
source = { registry = "https://pypi.org/simple" }
dependencies = [
    { name = "botocore" },
    { name = "jmespath" },
    { name = "s3transfer" },
]
sdist = { url = "https://files.pythonhosted.org/packages/d4/d6/f67e90c53f499a12353e6f19104fc55f9fc9ec514207dbe08e1e1de9a45b/boto3-1.40.19.tar.gz", hash = "sha256:772f259fdef6efa752c5744e140c0371593a20a0c728cce91d67b8b58d1090e7", size = 111524 }
wheels = [
    { url = "https://files.pythonhosted.org/packages/d3/15/3886b46973d10814f0aa89e94e03182f233fd478b2be317e706d9f0e85bd/boto3-1.40.19-py3-none-any.whl", hash = "sha256:9cdf01576fae6cb12b71fd6b793f34876feafa962cdaf3a9489253580355fc60", size = 139324 },
]

[[package]]
name = "botocore"
version = "1.40.19"
source = { registry = "https://pypi.org/simple" }
dependencies = [
    { name = "jmespath" },
    { name = "python-dateutil" },
    { name = "urllib3" },
]
sdist = { url = "https://files.pythonhosted.org/packages/b9/8c/8e319b9936fea23a3be19fac2921dd91cc60a99c0cf771d7d676e3329bb3/botocore-1.40.19.tar.gz", hash = "sha256:becc101b3047ec4cffa6c86bab747b8312db20529ee0132fe77007092a9c9f85", size = 14320063 }
wheels = [
    { url = "https://files.pythonhosted.org/packages/20/11/a633975158d79bb361ebaa802c393f5408b4cf95226ba3abe573f29741fb/botocore-1.40.19-py3-none-any.whl", hash = "sha256:6a7c2ceaf8ed3321cf4bc15420dad4e778263d3b480c86f7fd9da982e1deaa64", size = 13985499 },
]

[[package]]
name = "click"
version = "8.2.1"
source = { registry = "https://pypi.org/simple" }
dependencies = [
    { name = "colorama", marker = "sys_platform == 'win32'" },
]
sdist = { url = "https://files.pythonhosted.org/packages/60/6c/8ca2efa64cf75a977a0d7fac081354553ebe483345c734fb6b6515d96bbc/click-8.2.1.tar.gz", hash = "sha256:27c491cc05d968d271d5a1db13e3b5a184636d9d930f148c50b038f0d0646202", size = 286342 }
wheels = [
    { url = "https://files.pythonhosted.org/packages/85/32/10bb5764d90a8eee674e9dc6f4db6a0ab47c8c4d0d83c27f7c39ac415a4d/click-8.2.1-py3-none-any.whl", hash = "sha256:61a3265b914e850b85317d0b3109c7f8cd35a670f963866005d6ef1d5175a12b", size = 102215 },
]

[[package]]
name = "colorama"
version = "0.4.6"
source = { registry = "https://pypi.org/simple" }
sdist = { url = "https://files.pythonhosted.org/packages/d8/53/6f443c9a4a8358a93a6792e2acffb9d9d5cb0a5cfd8802644b7b1c9a02e4/colorama-0.4.6.tar.gz", hash = "sha256:08695f5cb7ed6e0531a20572697297273c47b8cae5a63ffc6d6ed5c201be6e44", size = 27697 }
wheels = [
    { url = "https://files.pythonhosted.org/packages/d1/d6/3965ed04c63042e047cb6a3e6ed1a63a35087b6a609aa3a15ed8ac56c221/colorama-0.4.6-py2.py3-none-any.whl", hash = "sha256:4f1d9991f5acc0ca119f9d443620b77f9d6b33703e51011c16baf57afb285fc6", size = 25335 },
]

[[package]]
name = "database-backup"
version = "0.1.9"
source = { editable = "." }
dependencies = [
    { name = "boto3" },
    { name = "click" },
    { name = "mysql-connector-python" },
    { name = "python-dotenv" },
]

[package.metadata]
requires-dist = [
    { name = "boto3", specifier = ">=1.40.19" },
    { name = "click", specifier = ">=8.2.1" },
    { name = "mysql-connector-python", specifier = ">=9.4.0" },
    { name = "python-dotenv", specifier = ">=1.1.1" },
]

[[package]]
name = "jmespath"
version = "1.0.1"
source = { registry = "https://pypi.org/simple" }
sdist = { url = "https://files.pythonhosted.org/packages/00/2a/e867e8531cf3e36b41201936b7fa7ba7b5702dbef42922193f05c8976cd6/jmespath-1.0.1.tar.gz", hash = "sha256:90261b206d6defd58fdd5e85f478bf633a2901798906be2ad389150c5c60edbe", size = 25843 }
wheels = [
    { url = "https://files.pythonhosted.org/packages/31/b4/b9b800c45527aadd64d5b442f9b932b00648617eb5d63d2c7a6587b7cafc/jmespath-1.0.1-py3-none-any.whl", hash = "sha256:02e2e4cc71b5bcab88332eebf907519190dd9e6e82107fa7f83b1003a6252980", size = 20256 },
]

[[package]]
name = "mysql-connector-python"
version = "9.4.0"
source = { registry = "https://pypi.org/simple" }
sdist = { url = "https://files.pythonhosted.org/packages/02/77/2b45e6460d05b1f1b7a4c8eb79a50440b4417971973bb78c9ef6cad630a6/mysql_connector_python-9.4.0.tar.gz", hash = "sha256:d111360332ae78933daf3d48ff497b70739aa292ab0017791a33e826234e743b", size = 12185532 }
wheels = [
    { url = "https://files.pythonhosted.org/packages/a2/ef/1a35d9ebfaf80cf5aa238be471480e16a69a494d276fb07b889dc9a5cfc3/mysql_connector_python-9.4.0-cp310-cp310-macosx_14_0_arm64.whl", hash = "sha256:3c2603e00516cf4208c6266e85c5c87d5f4d0ac79768106d50de42ccc8414c05", size = 17501678 },
    { url = "https://files.pythonhosted.org/packages/3c/39/09ae7082c77a978f2d72d94856e2e57906165c645693bc3a940bcad3a32d/mysql_connector_python-9.4.0-cp310-cp310-macosx_14_0_x86_64.whl", hash = "sha256:47884fcb050112b8bef3458e17eac47cc81a6cbbf3524e3456146c949772d9b4", size = 18369526 },
    { url = "https://files.pythonhosted.org/packages/40/56/1bea00f5129550bcd0175781b9cd467e865d4aea4a6f38f700f34d95dcb8/mysql_connector_python-9.4.0-cp310-cp310-manylinux_2_28_aarch64.whl", hash = "sha256:f14b6936cd326e212fc9ab5f666dea3efea654f0cb644460334e60e22986e735", size = 33508525 },
    { url = "https://files.pythonhosted.org/packages/0f/ec/86dfefd3e6c0fca13085bc28b7f9baae3fce9f6af243d8693729f6b5063c/mysql_connector_python-9.4.0-cp310-cp310-manylinux_2_28_x86_64.whl", hash = "sha256:0f5ad70355720e64b72d7c068e858c9fd1f69b671d9575f857f235a10f878939", size = 33911834 },
    { url = "https://files.pythonhosted.org/packages/2c/11/6907d53349b11478f72c8f22e38368d18262fbffc27e0f30e365d76dad93/mysql_connector_python-9.4.0-cp310-cp310-win_amd64.whl", hash = "sha256:7106670abce510e440d393e27fc3602b8cf21e7a8a80216cc9ad9a68cd2e4595", size = 16393044 },
    { url = "https://files.pythonhosted.org/packages/fe/0c/4365a802129be9fa63885533c38be019f1c6b6f5bcf8844ac53902314028/mysql_connector_python-9.4.0-cp311-cp311-macosx_14_0_arm64.whl", hash = "sha256:7df1a8ddd182dd8adc914f6dc902a986787bf9599705c29aca7b2ce84e79d361", size = 17501627 },
    { url = "https://files.pythonhosted.org/packages/c0/bf/ca596c00d7a6eaaf8ef2f66c9b23cd312527f483073c43ffac7843049cb4/mysql_connector_python-9.4.0-cp311-cp311-macosx_14_0_x86_64.whl", hash = "sha256:3892f20472e13e63b1fb4983f454771dd29f211b09724e69a9750e299542f2f8", size = 18369494 },
    { url = "https://files.pythonhosted.org/packages/25/14/6510a11ed9f80d77f743dc207773092c4ab78d5efa454b39b48480315d85/mysql_connector_python-9.4.0-cp311-cp311-manylinux_2_28_aarch64.whl", hash = "sha256:d3e87142103d71c4df647ece30f98e85e826652272ed1c74822b56f6acdc38e7", size = 33516187 },
    { url = "https://files.pythonhosted.org/packages/16/a8/4f99d80f1cf77733ce9a44b6adb7f0dd7079e7afa51ca4826515ef0c3e16/mysql_connector_python-9.4.0-cp311-cp311-manylinux_2_28_x86_64.whl", hash = "sha256:b27fcd403436fe83bafb2fe7fcb785891e821e639275c4ad3b3bd1e25f533206", size = 33917818 },
    { url = "https://files.pythonhosted.org/packages/15/9c/127f974ca9d5ee25373cb5433da06bb1f36e05f2a6b7436da1fe9c6346b0/mysql_connector_python-9.4.0-cp311-cp311-win_amd64.whl", hash = "sha256:fd6ff5afb9c324b0bbeae958c93156cce4168c743bf130faf224d52818d1f0ee", size = 16392378 },
    { url = "https://files.pythonhosted.org/packages/03/7c/a543fb17c2dfa6be8548dfdc5879a0c7924cd5d1c79056c48472bb8fe858/mysql_connector_python-9.4.0-cp312-cp312-macosx_14_0_arm64.whl", hash = "sha256:4efa3898a24aba6a4bfdbf7c1f5023c78acca3150d72cc91199cca2ccd22f76f", size = 17503693 },
    { url = "https://files.pythonhosted.org/packages/cb/6e/c22fbee05f5cfd6ba76155b6d45f6261d8d4c1e36e23de04e7f25fbd01a4/mysql_connector_python-9.4.0-cp312-cp312-macosx_14_0_x86_64.whl", hash = "sha256:665c13e7402235162e5b7a2bfdee5895192121b64ea455c90a81edac6a48ede5", size = 18371987 },
    { url = "https://files.pythonhosted.org/packages/b4/fd/f426f5f35a3d3180c7f84d1f96b4631be2574df94ca1156adab8618b236c/mysql_connector_python-9.4.0-cp312-cp312-manylinux_2_28_aarch64.whl", hash = "sha256:815aa6cad0f351c1223ef345781a538f2e5e44ef405fdb3851eb322bd9c4ca2b", size = 33516214 },
    { url = "https://files.pythonhosted.org/packages/45/5a/1b053ae80b43cd3ccebc4bb99a98826969b3b0f8adebdcc2530750ad76ed/mysql_connector_python-9.4.0-cp312-cp312-manylinux_2_28_x86_64.whl", hash = "sha256:b3436a2c8c0ec7052932213e8d01882e6eb069dbab33402e685409084b133a1c", size = 33918565 },
    { url = "https://files.pythonhosted.org/packages/cb/69/36b989de675d98ba8ff7d45c96c30c699865c657046f2e32db14e78f13d9/mysql_connector_python-9.4.0-cp312-cp312-win_amd64.whl", hash = "sha256:57b0c224676946b70548c56798d5023f65afa1ba5b8ac9f04a143d27976c7029", size = 16392563 },
    { url = "https://files.pythonhosted.org/packages/79/e2/13036479cd1070d1080cee747de6c96bd6fbb021b736dd3ccef2b19016c8/mysql_connector_python-9.4.0-cp313-cp313-macosx_14_0_arm64.whl", hash = "sha256:fde3bbffb5270a4b02077029914e6a9d2ec08f67d8375b4111432a2778e7540b", size = 17503749 },
    { url = "https://files.pythonhosted.org/packages/31/df/b89e6551b91332716d384dcc3223e1f8065902209dcd9e477a3df80154f7/mysql_connector_python-9.4.0-cp313-cp313-macosx_14_0_x86_64.whl", hash = "sha256:25f77ad7d845df3b5a5a3a6a8d1fed68248dc418a6938a371d1ddaaab6b9a8e3", size = 18372145 },
    { url = "https://files.pythonhosted.org/packages/07/bd/af0de40a01d5cb4df19318cc018e64666f2b7fa89bffa1ab5b35337aae2c/mysql_connector_python-9.4.0-cp313-cp313-manylinux_2_28_aarch64.whl", hash = "sha256:227dd420c71e6d4788d52d98f298e563f16b6853577e5ade4bd82d644257c812", size = 33516503 },
    { url = "https://files.pythonhosted.org/packages/d1/9b/712053216fcbe695e519ecb1035ffd767c2de9f51ccba15078537c99d6fa/mysql_connector_python-9.4.0-cp313-cp313-manylinux_2_28_x86_64.whl", hash = "sha256:5163381a312d38122eded2197eb5cd7ccf1a5c5881d4e7a6de10d6ea314d088e", size = 33918904 },
    { url = "https://files.pythonhosted.org/packages/64/15/cbd996d425c59811849f3c1d1b1dae089a1ae18c4acd4d8de2b847b772df/mysql_connector_python-9.4.0-cp313-cp313-win_amd64.whl", hash = "sha256:c727cb1f82b40c9aaa7a15ab5cf0a7f87c5d8dce32eab5ff2530a4aa6054e7df", size = 16392566 },
    { url = "https://files.pythonhosted.org/packages/36/34/b6165e15fd45a8deb00932d8e7d823de7650270873b4044c4db6688e1d8f/mysql_connector_python-9.4.0-py2.py3-none-any.whl", hash = "sha256:56e679169c704dab279b176fab2a9ee32d2c632a866c0f7cd48a8a1e2cf802c4", size = 406574 },
]

[[package]]
name = "python-dateutil"
version = "2.9.0.post0"
source = { registry = "https://pypi.org/simple" }
dependencies = [
    { name = "six" },
]
sdist = { url = "https://files.pythonhosted.org/packages/66/c0/0c8b6ad9f17a802ee498c46e004a0eb49bc148f2fd230864601a86dcf6db/python-dateutil-2.9.0.post0.tar.gz", hash = "sha256:37dd54208da7e1cd875388217d5e00ebd4179249f90fb72437e91a35459a0ad3", size = 342432 }
wheels = [
    { url = "https://files.pythonhosted.org/packages/ec/57/56b9bcc3c9c6a792fcbaf139543cee77261f3651ca9da0c93f5c1221264b/python_dateutil-2.9.0.post0-py2.py3-none-any.whl", hash = "sha256:a8b2bc7bffae282281c8140a97d3aa9c14da0b136dfe83f850eea9a5f7470427", size = 229892 },
]

[[package]]
name = "python-dotenv"
version = "1.1.1"
source = { registry = "https://pypi.org/simple" }
sdist = { url = "https://files.pythonhosted.org/packages/f6/b0/4bc07ccd3572a2f9df7e6782f52b0c6c90dcbb803ac4a167702d7d0dfe1e/python_dotenv-1.1.1.tar.gz", hash = "sha256:a8a6399716257f45be6a007360200409fce5cda2661e3dec71d23dc15f6189ab", size = 41978 }
wheels = [
    { url = "https://files.pythonhosted.org/packages/5f/ed/539768cf28c661b5b068d66d96a2f155c4971a5d55684a514c1a0e0dec2f/python_dotenv-1.1.1-py3-none-any.whl", hash = "sha256:31f23644fe2602f88ff55e1f5c79ba497e01224ee7737937930c448e4d0e24dc", size = 20556 },
]

[[package]]
name = "s3transfer"
version = "0.13.1"
source = { registry = "https://pypi.org/simple" }
dependencies = [
    { name = "botocore" },
]
sdist = { url = "https://files.pythonhosted.org/packages/6d/05/d52bf1e65044b4e5e27d4e63e8d1579dbdec54fce685908ae09bc3720030/s3transfer-0.13.1.tar.gz", hash = "sha256:c3fdba22ba1bd367922f27ec8032d6a1cf5f10c934fb5d68cf60fd5a23d936cf", size = 150589 }
wheels = [
    { url = "https://files.pythonhosted.org/packages/6d/4f/d073e09df851cfa251ef7840007d04db3293a0482ce607d2b993926089be/s3transfer-0.13.1-py3-none-any.whl", hash = "sha256:a981aa7429be23fe6dfc13e80e4020057cbab622b08c0315288758d67cabc724", size = 85308 },
]

[[package]]
name = "six"
version = "1.17.0"
source = { registry = "https://pypi.org/simple" }
sdist = { url = "https://files.pythonhosted.org/packages/94/e7/b2c673351809dca68a0e064b6af791aa332cf192da575fd474ed7d6f16a2/six-1.17.0.tar.gz", hash = "sha256:ff70335d468e7eb6ec65b95b99d3a2836546063f63acc5171de367e834932a81", size = 34031 }
wheels = [
    { url = "https://files.pythonhosted.org/packages/b7/ce/149a00dd41f10bc29e5921b496af8b574d8413afcd5e30dfa0ed46c2cc5e/six-1.17.0-py2.py3-none-any.whl", hash = "sha256:4721f391ed90541fddacab5acf947aa0d3dc7d27b2e1e8eda2be8970586c3274", size = 11050 },
]

[[package]]
name = "urllib3"
version = "2.5.0"
source = { registry = "https://pypi.org/simple" }
sdist = { url = "https://files.pythonhosted.org/packages/15/22/9ee70a2574a4f4599c47dd506532914ce044817c7752a79b6a51286319bc/urllib3-2.5.0.tar.gz", hash = "sha256:3fc47733c7e419d4bc3f6b3dc2b4f890bb743906a30d56ba4a5bfa4bbff92760", size = 393185 }
wheels = [
    { url = "https://files.pythonhosted.org/packages/a7/c2/fe1e52489ae3122415c51f387e221dd0773709bad6c6cdaa599e8a2c5185/urllib3-2.5.0-py3-none-any.whl", hash = "sha256:e6b01673c0fa6a13e374b50871808eb3bf7046c4b125b216f6bf1cc604cff0dc", size = 129795 },
]
